// !$*UTF8*$!
{
	archiveVersion = 1;
	classes = {
	};
	objectVersion = 46;
	objects = {

/* Begin PBXBuildFile section */
		8470C96F1D56D7CB00AC7728 /* main.m in Sources */ = {isa = PBXBuildFile; fileRef = 8470C96E1D56D7CB00AC7728 /* main.m */; };
		8470C9721D56D7CB00AC7728 /* AppDelegate.m in Sources */ = {isa = PBXBuildFile; fileRef = 8470C9711D56D7CB00AC7728 /* AppDelegate.m */; };
		8470C9751D56D7CB00AC7728 /* ViewController.m in Sources */ = {isa = PBXBuildFile; fileRef = 8470C9741D56D7CB00AC7728 /* ViewController.m */; };
		8470C9781D56D7CB00AC7728 /* Main.storyboard in Resources */ = {isa = PBXBuildFile; fileRef = 8470C9761D56D7CB00AC7728 /* Main.storyboard */; };
		8470C97A1D56D7CB00AC7728 /* Assets.xcassets in Resources */ = {isa = PBXBuildFile; fileRef = 8470C9791D56D7CB00AC7728 /* Assets.xcassets */; };
		8470C97D1D56D7CB00AC7728 /* LaunchScreen.storyboard in Resources */ = {isa = PBXBuildFile; fileRef = 8470C97B1D56D7CB00AC7728 /* LaunchScreen.storyboard */; };
		8470C9881D56D7CB00AC7728 /* slderdemoTests.m in Sources */ = {isa = PBXBuildFile; fileRef = 8470C9871D56D7CB00AC7728 /* slderdemoTests.m */; };
		8470C9931D56D7CB00AC7728 /* slderdemoUITests.m in Sources */ = {isa = PBXBuildFile; fileRef = 8470C9921D56D7CB00AC7728 /* slderdemoUITests.m */; };
		8470C9A21D56D94D00AC7728 /* NSString+Helper.m in Sources */ = {isa = PBXBuildFile; fileRef = 8470C9A11D56D94D00AC7728 /* NSString+Helper.m */; };
/* End PBXBuildFile section */

/* Begin PBXContainerItemProxy section */
		8470C9841D56D7CB00AC7728 /* PBXContainerItemProxy */ = {
			isa = PBXContainerItemProxy;
			containerPortal = 8470C9621D56D7CB00AC7728 /* Project object */;
			proxyType = 1;
			remoteGlobalIDString = 8470C9691D56D7CB00AC7728;
			remoteInfo = slderdemo;
		};
		8470C98F1D56D7CB00AC7728 /* PBXContainerItemProxy */ = {
			isa = PBXContainerItemProxy;
			containerPortal = 8470C9621D56D7CB00AC7728 /* Project object */;
			proxyType = 1;
			remoteGlobalIDString = 8470C9691D56D7CB00AC7728;
			remoteInfo = slderdemo;
		};
/* End PBXContainerItemProxy section */

/* Begin PBXFileReference section */
		8470C96A1D56D7CB00AC7728 /* slderdemo.app */ = {isa = PBXFileReference; explicitFileType = wrapper.application; includeInIndex = 0; path = slderdemo.app; sourceTree = BUILT_PRODUCTS_DIR; };
		8470C96E1D56D7CB00AC7728 /* main.m */ = {isa = PBXFileReference; lastKnownFileType = sourcecode.c.objc; path = main.m; sourceTree = "<group>"; };
		8470C9701D56D7CB00AC7728 /* AppDelegate.h */ = {isa = PBXFileReference; lastKnownFileType = sourcecode.c.h; path = AppDelegate.h; sourceTree = "<group>"; };
		8470C9711D56D7CB00AC7728 /* AppDelegate.m */ = {isa = PBXFileReference; lastKnownFileType = sourcecode.c.objc; path = AppDelegate.m; sourceTree = "<group>"; };
		8470C9731D56D7CB00AC7728 /* ViewController.h */ = {isa = PBXFileReference; lastKnownFileType = sourcecode.c.h; path = ViewController.h; sourceTree = "<group>"; };
		8470C9741D56D7CB00AC7728 /* ViewController.m */ = {isa = PBXFileReference; lastKnownFileType = sourcecode.c.objc; path = ViewController.m; sourceTree = "<group>"; };
		8470C9771D56D7CB00AC7728 /* Base */ = {isa = PBXFileReference; lastKnownFileType = file.storyboard; name = Base; path = Base.lproj/Main.storyboard; sourceTree = "<group>"; };
		8470C9791D56D7CB00AC7728 /* Assets.xcassets */ = {isa = PBXFileReference; lastKnownFileType = folder.assetcatalog; path = Assets.xcassets; sourceTree = "<group>"; };
		8470C97C1D56D7CB00AC7728 /* Base */ = {isa = PBXFileReference; lastKnownFileType = file.storyboard; name = Base; path = Base.lproj/LaunchScreen.storyboard; sourceTree = "<group>"; };
		8470C97E1D56D7CB00AC7728 /* Info.plist */ = {isa = PBXFileReference; lastKnownFileType = text.plist.xml; path = Info.plist; sourceTree = "<group>"; };
		8470C9831D56D7CB00AC7728 /* slderdemoTests.xctest */ = {isa = PBXFileReference; explicitFileType = wrapper.cfbundle; includeInIndex = 0; path = slderdemoTests.xctest; sourceTree = BUILT_PRODUCTS_DIR; };
		8470C9871D56D7CB00AC7728 /* slderdemoTests.m */ = {isa = PBXFileReference; lastKnownFileType = sourcecode.c.objc; path = slderdemoTests.m; sourceTree = "<group>"; };
		8470C9891D56D7CB00AC7728 /* Info.plist */ = {isa = PBXFileReference; lastKnownFileType = text.plist.xml; path = Info.plist; sourceTree = "<group>"; };
		8470C98E1D56D7CB00AC7728 /* slderdemoUITests.xctest */ = {isa = PBXFileReference; explicitFileType = wrapper.cfbundle; includeInIndex = 0; path = slderdemoUITests.xctest; sourceTree = BUILT_PRODUCTS_DIR; };
		8470C9921D56D7CB00AC7728 /* slderdemoUITests.m */ = {isa = PBXFileReference; lastKnownFileType = sourcecode.c.objc; path = slderdemoUITests.m; sourceTree = "<group>"; };
		8470C9941D56D7CB00AC7728 /* Info.plist */ = {isa = PBXFileReference; lastKnownFileType = text.plist.xml; path = Info.plist; sourceTree = "<group>"; };
		8470C9A01D56D94D00AC7728 /* NSString+Helper.h */ = {isa = PBXFileReference; fileEncoding = 4; lastKnownFileType = sourcecode.c.h; path = "NSString+Helper.h"; sourceTree = "<group>"; };
		8470C9A11D56D94D00AC7728 /* NSString+Helper.m */ = {isa = PBXFileReference; fileEncoding = 4; lastKnownFileType = sourcecode.c.objc; path = "NSString+Helper.m"; sourceTree = "<group>"; };
/* End PBXFileReference section */

/* Begin PBXFrameworksBuildPhase section */
		8470C9671D56D7CB00AC7728 /* Frameworks */ = {
			isa = PBXFrameworksBuildPhase;
			buildActionMask = 2147483647;
			files = (
			);
			runOnlyForDeploymentPostprocessing = 0;
		};
		8470C9801D56D7CB00AC7728 /* Frameworks */ = {
			isa = PBXFrameworksBuildPhase;
			buildActionMask = 2147483647;
			files = (
			);
			runOnlyForDeploymentPostprocessing = 0;
		};
		8470C98B1D56D7CB00AC7728 /* Frameworks */ = {
			isa = PBXFrameworksBuildPhase;
			buildActionMask = 2147483647;
			files = (
			);
			runOnlyForDeploymentPostprocessing = 0;
		};
/* End PBXFrameworksBuildPhase section */

/* Begin PBXGroup section */
		8470C9611D56D7CB00AC7728 = {
			isa = PBXGroup;
			children = (
				8470C96C1D56D7CB00AC7728 /* slderdemo */,
				8470C9861D56D7CB00AC7728 /* slderdemoTests */,
				8470C9911D56D7CB00AC7728 /* slderdemoUITests */,
				8470C96B1D56D7CB00AC7728 /* Products */,
			);
			sourceTree = "<group>";
		};
		8470C96B1D56D7CB00AC7728 /* Products */ = {
			isa = PBXGroup;
			children = (
				8470C96A1D56D7CB00AC7728 /* slderdemo.app */,
				8470C9831D56D7CB00AC7728 /* slderdemoTests.xctest */,
				8470C98E1D56D7CB00AC7728 /* slderdemoUITests.xctest */,
			);
			name = Products;
			sourceTree = "<group>";
		};
		8470C96C1D56D7CB00AC7728 /* slderdemo */ = {
			isa = PBXGroup;
			children = (
				8470C9A01D56D94D00AC7728 /* NSString+Helper.h */,
				8470C9A11D56D94D00AC7728 /* NSString+Helper.m */,
				8470C9701D56D7CB00AC7728 /* AppDelegate.h */,
				8470C9711D56D7CB00AC7728 /* AppDelegate.m */,
				8470C9731D56D7CB00AC7728 /* ViewController.h */,
				8470C9741D56D7CB00AC7728 /* ViewController.m */,
				8470C9761D56D7CB00AC7728 /* Main.storyboard */,
				8470C9791D56D7CB00AC7728 /* Assets.xcassets */,
				8470C97B1D56D7CB00AC7728 /* LaunchScreen.storyboard */,
				8470C97E1D56D7CB00AC7728 /* Info.plist */,
				8470C96D1D56D7CB00AC7728 /* Supporting Files */,
			);
			path = slderdemo;
			sourceTree = "<group>";
		};
		8470C96D1D56D7CB00AC7728 /* Supporting Files */ = {
			isa = PBXGroup;
			children = (
				8470C96E1D56D7CB00AC7728 /* main.m */,
			);
			name = "Supporting Files";
			sourceTree = "<group>";
		};
		8470C9861D56D7CB00AC7728 /* slderdemoTests */ = {
			isa = PBXGroup;
			children = (
				8470C9871D56D7CB00AC7728 /* slderdemoTests.m */,
				8470C9891D56D7CB00AC7728 /* Info.plist */,
			);
			path = slderdemoTests;
			sourceTree = "<group>";
		};
		8470C9911D56D7CB00AC7728 /* slderdemoUITests */ = {
			isa = PBXGroup;
			children = (
				8470C9921D56D7CB00AC7728 /* slderdemoUITests.m */,
				8470C9941D56D7CB00AC7728 /* Info.plist */,
			);
			path = slderdemoUITests;
			sourceTree = "<group>";
		};
/* End PBXGroup section */

/* Begin PBXNativeTarget section */
		8470C9691D56D7CB00AC7728 /* slderdemo */ = {
			isa = PBXNativeTarget;
			buildConfigurationList = 8470C9971D56D7CB00AC7728 /* Build configuration list for PBXNativeTarget "slderdemo" */;
			buildPhases = (
				8470C9661D56D7CB00AC7728 /* Sources */,
				8470C9671D56D7CB00AC7728 /* Frameworks */,
				8470C9681D56D7CB00AC7728 /* Resources */,
			);
			buildRules = (
			);
			dependencies = (
			);
			name = slderdemo;
			productName = slderdemo;
			productReference = 8470C96A1D56D7CB00AC7728 /* slderdemo.app */;
			productType = "com.apple.product-type.application";
		};
		8470C9821D56D7CB00AC7728 /* slderdemoTests */ = {
			isa = PBXNativeTarget;
			buildConfigurationList = 8470C99A1D56D7CB00AC7728 /* Build configuration list for PBXNativeTarget "slderdemoTests" */;
			buildPhases = (
				8470C97F1D56D7CB00AC7728 /* Sources */,
				8470C9801D56D7CB00AC7728 /* Frameworks */,
				8470C9811D56D7CB00AC7728 /* Resources */,
			);
			buildRules = (
			);
			dependencies = (
				8470C9851D56D7CB00AC7728 /* PBXTargetDependency */,
			);
			name = slderdemoTests;
			productName = slderdemoTests;
			productReference = 8470C9831D56D7CB00AC7728 /* slderdemoTests.xctest */;
			productType = "com.apple.product-type.bundle.unit-test";
		};
		8470C98D1D56D7CB00AC7728 /* slderdemoUITests */ = {
			isa = PBXNativeTarget;
			buildConfigurationList = 8470C99D1D56D7CB00AC7728 /* Build configuration list for PBXNativeTarget "slderdemoUITests" */;
			buildPhases = (
				8470C98A1D56D7CB00AC7728 /* Sources */,
				8470C98B1D56D7CB00AC7728 /* Frameworks */,
				8470C98C1D56D7CB00AC7728 /* Resources */,
			);
			buildRules = (
			);
			dependencies = (
				8470C9901D56D7CB00AC7728 /* PBXTargetDependency */,
			);
			name = slderdemoUITests;
			productName = slderdemoUITests;
			productReference = 8470C98E1D56D7CB00AC7728 /* slderdemoUITests.xctest */;
			productType = "com.apple.product-type.bundle.ui-testing";
		};
/* End PBXNativeTarget section */

/* Begin PBXProject section */
		8470C9621D56D7CB00AC7728 /* Project object */ = {
			isa = PBXProject;
			attributes = {
				LastUpgradeCheck = 0720;
				ORGANIZATIONNAME = com.xc.zhutong;
				TargetAttributes = {
					8470C9691D56D7CB00AC7728 = {
						CreatedOnToolsVersion = 7.2;
					};
					8470C9821D56D7CB00AC7728 = {
						CreatedOnToolsVersion = 7.2;
						TestTargetID = 8470C9691D56D7CB00AC7728;
					};
					8470C98D1D56D7CB00AC7728 = {
						CreatedOnToolsVersion = 7.2;
						TestTargetID = 8470C9691D56D7CB00AC7728;
					};
				};
			};
			buildConfigurationList = 8470C9651D56D7CB00AC7728 /* Build configuration list for PBXProject "slderdemo" */;
			compatibilityVersion = "Xcode 3.2";
			developmentRegion = English;
			hasScannedForEncodings = 0;
			knownRegions = (
				en,
				Base,
			);
			mainGroup = 8470C9611D56D7CB00AC7728;
			productRefGroup = 8470C96B1D56D7CB00AC7728 /* Products */;
			projectDirPath = "";
			projectRoot = "";
			targets = (
				8470C9691D56D7CB00AC7728 /* slderdemo */,
				8470C9821D56D7CB00AC7728 /* slderdemoTests */,
				8470C98D1D56D7CB00AC7728 /* slderdemoUITests */,
			);
		};
/* End PBXProject section */

/* Begin PBXResourcesBuildPhase section */
		8470C9681D56D7CB00AC7728 /* Resources */ = {
			isa = PBXResourcesBuildPhase;
			buildActionMask = 2147483647;
			files = (
				8470C97D1D56D7CB00AC7728 /* LaunchScreen.storyboard in Resources */,
				8470C97A1D56D7CB00AC7728 /* Assets.xcassets in Resources */,
				8470C9781D56D7CB00AC7728 /* Main.storyboard in Resources */,
			);
			runOnlyForDeploymentPostprocessing = 0;
		};
		8470C9811D56D7CB00AC7728 /* Resources */ = {
			isa = PBXResourcesBuildPhase;
			buildActionMask = 2147483647;
			files = (
			);
			runOnlyForDeploymentPostprocessing = 0;
		};
		8470C98C1D56D7CB00AC7728 /* Resources */ = {
			isa = PBXResourcesBuildPhase;
			buildActionMask = 2147483647;
			files = (
			);
			runOnlyForDeploymentPostprocessing = 0;
		};
/* End PBXResourcesBuildPhase section */

/* Begin PBXSourcesBuildPhase section */
		8470C9661D56D7CB00AC7728 /* Sources */ = {
			isa = PBXSourcesBuildPhase;
			buildActionMask = 2147483647;
			files = (
				8470C9751D56D7CB00AC7728 /* ViewController.m in Sources */,
				8470C9721D56D7CB00AC7728 /* AppDelegate.m in Sources */,
				8470C96F1D56D7CB00AC7728 /* main.m in Sources */,
				8470C9A21D56D94D00AC7728 /* NSString+Helper.m in Sources */,
			);
			runOnlyForDeploymentPostprocessing = 0;
		};
		8470C97F1D56D7CB00AC7728 /* Sources */ = {
			isa = PBXSourcesBuildPhase;
			buildActionMask = 2147483647;
			files = (
				8470C9881D56D7CB00AC7728 /* slderdemoTests.m in Sources */,
			);
			runOnlyForDeploymentPostprocessing = 0;
		};
		8470C98A1D56D7CB00AC7728 /* Sources */ = {
			isa = PBXSourcesBuildPhase;
			buildActionMask = 2147483647;
			files = (
				8470C9931D56D7CB00AC7728 /* slderdemoUITests.m in Sources */,
			);
			runOnlyForDeploymentPostprocessing = 0;
		};
/* End PBXSourcesBuildPhase section */

/* Begin PBXTargetDependency section */
		8470C9851D56D7CB00AC7728 /* PBXTargetDependency */ = {
			isa = PBXTargetDependency;
			target = 8470C9691D56D7CB00AC7728 /* slderdemo */;
			targetProxy = 8470C9841D56D7CB00AC7728 /* PBXContainerItemProxy */;
		};
		8470C9901D56D7CB00AC7728 /* PBXTargetDependency */ = {
			isa = PBXTargetDependency;
			target = 8470C9691D56D7CB00AC7728 /* slderdemo */;
			targetProxy = 8470C98F1D56D7CB00AC7728 /* PBXContainerItemProxy */;
		};
/* End PBXTargetDependency section */

/* Begin PBXVariantGroup section */
		8470C9761D56D7CB00AC7728 /* Main.storyboard */ = {
			isa = PBXVariantGroup;
			children = (
				8470C9771D56D7CB00AC7728 /* Base */,
			);
			name = Main.storyboard;
			sourceTree = "<group>";
		};
		8470C97B1D56D7CB00AC7728 /* LaunchScreen.storyboard */ = {
			isa = PBXVariantGroup;
			children = (
				8470C97C1D56D7CB00AC7728 /* Base */,
			);
			name = LaunchScreen.storyboard;
			sourceTree = "<group>";
		};
/* End PBXVariantGroup section */

/* Begin XCBuildConfiguration section */
		8470C9951D56D7CB00AC7728 /* Debug */ = {
			isa = XCBuildConfiguration;
			buildSettings = {
				ALWAYS_SEARCH_USER_PATHS = NO;
				CLANG_CXX_LANGUAGE_STANDARD = "gnu++0x";
				CLANG_CXX_LIBRARY = "libc++";
				CLANG_ENABLE_MODULES = YES;
				CLANG_ENABLE_OBJC_ARC = YES;
				CLANG_WARN_BOOL_CONVERSION = YES;
				CLANG_WARN_CONSTANT_CONVERSION = YES;
				CLANG_WARN_DIRECT_OBJC_ISA_USAGE = YES_ERROR;
				CLANG_WARN_EMPTY_BODY = YES;
				CLANG_WARN_ENUM_CONVERSION = YES;
				CLANG_WARN_INT_CONVERSION = YES;
				CLANG_WARN_OBJC_ROOT_CLASS = YES_ERROR;
				CLANG_WARN_UNREACHABLE_CODE = YES;
				CLANG_WARN__DUPLICATE_METHOD_MATCH = YES;
				"CODE_SIGN_IDENTITY[sdk=iphoneos*]" = "iPhone Developer";
				COPY_PHASE_STRIP = NO;
				DEBUG_INFORMATION_FORMAT = dwarf;
				ENABLE_STRICT_OBJC_MSGSEND = YES;
				ENABLE_TESTABILITY = YES;
				GCC_C_LANGUAGE_STANDARD = gnu99;
				GCC_DYNAMIC_NO_PIC = NO;
				GCC_NO_COMMON_BLOCKS = YES;
				GCC_OPTIMIZATION_LEVEL = 0;
				GCC_PREPROCESSOR_DEFINITIONS = (
					"DEBUG=1",
					"$(inherited)",
				);
				GCC_WARN_64_TO_32_BIT_CONVERSION = YES;
				GCC_WARN_ABOUT_RETURN_TYPE = YES_ERROR;
				GCC_WARN_UNDECLARED_SELECTOR = YES;
				GCC_WARN_UNINITIALIZED_AUTOS = YES_AGGRESSIVE;
				GCC_WARN_UNUSED_FUNCTION = YES;
				GCC_WARN_UNUSED_VARIABLE = YES;
				IPHONEOS_DEPLOYMENT_TARGET = 9.2;
				MTL_ENABLE_DEBUG_INFO = YES;
				ONLY_ACTIVE_ARCH = YES;
				SDKROOT = iphoneos;
			};
			name = Debug;
		};
		8470C9961D56D7CB00AC7728 /* Release */ = {
			isa = XCBuildConfiguration;
			buildSettings = {
				ALWAYS_SEARCH_USER_PATHS = NO;
				CLANG_CXX_LANGUAGE_STANDARD = "gnu++0x";
				CLANG_CXX_LIBRARY = "libc++";
				CLANG_ENABLE_MODULES = YES;
				CLANG_ENABLE_OBJC_ARC = YES;
				CLANG_WARN_BOOL_CONVERSION = YES;
				CLANG_WARN_CONSTANT_CONVERSION = YES;
				CLANG_WARN_DIRECT_OBJC_ISA_USAGE = YES_ERROR;
				CLANG_WARN_EMPTY_BODY = YES;
				CLANG_WARN_ENUM_CONVERSION = YES;
				CLANG_WARN_INT_CONVERSION = YES;
				CLANG_WARN_OBJC_ROOT_CLASS = YES_ERROR;
				CLANG_WARN_UNREACHABLE_CODE = YES;
				CLANG_WARN__DUPLICATE_METHOD_MATCH = YES;
				"CODE_SIGN_IDENTITY[sdk=iphoneos*]" = "iPhone Developer";
				COPY_PHASE_STRIP = NO;
				DEBUG_INFORMATION_FORMAT = "dwarf-with-dsym";
				ENABLE_NS_ASSERTIONS = NO;
				ENABLE_STRICT_OBJC_MSGSEND = YES;
				GCC_C_LANGUAGE_STANDARD = gnu99;
				GCC_NO_COMMON_BLOCKS = YES;
				GCC_WARN_64_TO_32_BIT_CONVERSION = YES;
				GCC_WARN_ABOUT_RETURN_TYPE = YES_ERROR;
				GCC_WARN_UNDECLARED_SELECTOR = YES;
				GCC_WARN_UNINITIALIZED_AUTOS = YES_AGGRESSIVE;
				GCC_WARN_UNUSED_FUNCTION = YES;
				GCC_WARN_UNUSED_VARIABLE = YES;
				IPHONEOS_DEPLOYMENT_TARGET = 9.2;
				MTL_ENABLE_DEBUG_INFO = NO;
				SDKROOT = iphoneos;
				VALIDATE_PRODUCT = YES;
			};
			name = Release;
		};
		8470C9981D56D7CB00AC7728 /* Debug */ = {
			isa = XCBuildConfiguration;
			buildSettings = {
				ASSETCATALOG_COMPILER_APPICON_NAME = AppIcon;
				INFOPLIST_FILE = slderdemo/Info.plist;
				LD_RUNPATH_SEARCH_PATHS = "$(inherited) @executable_path/Frameworks";
				PRODUCT_BUNDLE_IDENTIFIER = com.zhutong.slderdemo;
				PRODUCT_NAME = "$(TARGET_NAME)";
			};
			name = Debug;
		};
		8470C9991D56D7CB00AC7728 /* Release */ = {
			isa = XCBuildConfiguration;
			buildSettings = {
				ASSETCATALOG_COMPILER_APPICON_NAME = AppIcon;
				INFOPLIST_FILE = slderdemo/Info.plist;
				LD_RUNPATH_SEARCH_PATHS = "$(inherited) @executable_path/Frameworks";
				PRODUCT_BUNDLE_IDENTIFIER = com.zhutong.slderdemo;
				PRODUCT_NAME = "$(TARGET_NAME)";
			};
			name = Release;
		};
		8470C99B1D56D7CB00AC7728 /* Debug */ = {
			isa = XCBuildConfiguration;
			buildSettings = {
				BUNDLE_LOADER = "$(TEST_HOST)";
				INFOPLIST_FILE = slderdemoTests/Info.plist;
				LD_RUNPATH_SEARCH_PATHS = "$(inherited) @executable_path/Frameworks @loader_path/Frameworks";
				PRODUCT_BUNDLE_IDENTIFIER = com.zhutong.slderdemoTests;
				PRODUCT_NAME = "$(TARGET_NAME)";
				TEST_HOST = "$(BUILT_PRODUCTS_DIR)/slderdemo.app/slderdemo";
			};
			name = Debug;
		};
		8470C99C1D56D7CB00AC7728 /* Release */ = {
			isa = XCBuildConfiguration;
			buildSettings = {
				BUNDLE_LOADER = "$(TEST_HOST)";
				INFOPLIST_FILE = slderdemoTests/Info.plist;
				LD_RUNPATH_SEARCH_PATHS = "$(inherited) @executable_path/Frameworks @loader_path/Frameworks";
				PRODUCT_BUNDLE_IDENTIFIER = com.zhutong.slderdemoTests;
				PRODUCT_NAME = "$(TARGET_NAME)";
				TEST_HOST = "$(BUILT_PRODUCTS_DIR)/slderdemo.app/slderdemo";
			};
			name = Release;
		};
		8470C99E1D56D7CB00AC7728 /* Debug */ = {
			isa = XCBuildConfiguration;
			buildSettings = {
				INFOPLIST_FILE = slderdemoUITests/Info.plist;
				LD_RUNPATH_SEARCH_PATHS = "$(inherited) @executable_path/Frameworks @loader_path/Frameworks";
				PRODUCT_BUNDLE_IDENTIFIER = com.zhutong.slderdemoUITests;
				PRODUCT_NAME = "$(TARGET_NAME)";
				TEST_TARGET_NAME = slderdemo;
				USES_XCTRUNNER = YES;
			};
			name = Debug;
		};
		8470C99F1D56D7CB00AC7728 /* Release */ = {
			isa = XCBuildConfiguration;
			buildSettings = {
				INFOPLIST_FILE = slderdemoUITests/Info.plist;
				LD_RUNPATH_SEARCH_PATHS = "$(inherited) @executable_path/Frameworks @loader_path/Frameworks";
				PRODUCT_BUNDLE_IDENTIFIER = com.zhutong.slderdemoUITests;
				PRODUCT_NAME = "$(TARGET_NAME)";
				TEST_TARGET_NAME = slderdemo;
				USES_XCTRUNNER = YES;
			};
			name = Release;
		};
/* End XCBuildConfiguration section */

/* Begin XCConfigurationList section */
		8470C9651D56D7CB00AC7728 /* Build configuration list for PBXProject "slderdemo" */ = {
			isa = XCConfigurationList;
			buildConfigurations = (
				8470C9951D56D7CB00AC7728 /* Debug */,
				8470C9961D56D7CB00AC7728 /* Release */,
			);
			defaultConfigurationIsVisible = 0;
			defaultConfigurationName = Release;
		};
		8470C9971D56D7CB00AC7728 /* Build configuration list for PBXNativeTarget "slderdemo" */ = {
			isa = XCConfigurationList;
			buildConfigurations = (
				8470C9981D56D7CB00AC7728 /* Debug */,
				8470C9991D56D7CB00AC7728 /* Release */,
			);
			defaultConfigurationIsVisible = 0;
		};
		8470C99A1D56D7CB00AC7728 /* Build configuration list for PBXNativeTarget "slderdemoTests" */ = {
			isa = XCConfigurationList;
			buildConfigurations = (
				8470C99B1D56D7CB00AC7728 /* Debug */,
				8470C99C1D56D7CB00AC7728 /* Release */,
			);
			defaultConfigurationIsVisible = 0;
		};
		8470C99D1D56D7CB00AC7728 /* Build configuration list for PBXNativeTarget "slderdemoUITests" */ = {
			isa = XCConfigurationList;
			buildConfigurations = (
				8470C99E1D56D7CB00AC7728 /* Debug */,
				8470C99F1D56D7CB00AC7728 /* Release */,
			);
			defaultConfigurationIsVisible = 0;
		};
/* End XCConfigurationList section */
	};
	rootObject = 8470C9621D56D7CB00AC7728 /* Project object */;
}
